
Microsoft Visual Studio Solution File, Format Version 12.00
# Visual Studio Version 16
VisualStudioVersion = 16.0.31205.134
MinimumVisualStudioVersion = 10.0.40219.1
Project("{FAE04EC0-301F-11D3-BF4B-00C04F79EFBC}") = "WinFormDataGridView-XML", "WinFormDataGridView-XML\WinFormDataGridView-XML.csproj", "{693A4341-3AD3-45FE-AA58-0C31AB1B5CE1}"
EndProject
Global
	GlobalSection(SolutionConfigurationPlatforms) = preSolution
		Debug|Any CPU = Debug|Any CPU
		Release|Any CPU = Release|Any CPU
	EndGlobalSection
	GlobalSection(ProjectConfigurationPlatforms) = postSolution
		{693A4341-3AD3-45FE-AA58-0C31AB1B5CE1}.Debug|Any CPU.ActiveCfg = Debug|Any CPU
		{693A4341-3AD3-45FE-AA58-0C31AB1B5CE1}.Debug|Any CPU.Build.0 = Debug|Any CPU
		{693A4341-3AD3-45FE-AA58-0C31AB1B5CE1}.Release|Any CPU.ActiveCfg = Release|Any CPU
		{693A4341-3AD3-45FE-AA58-0C31AB1B5CE1}.Release|Any CPU.Build.0 = Release|Any CPU
	EndGlobalSection
	GlobalSection(SolutionProperties) = preSolution
		HideSolutionNode = FALSE
	EndGlobalSection
	GlobalSection(ExtensibilityGlobals) = postSolution
		SolutionGuid = {DB108F85-9EC4-4D01-A337-3D047761508E}
	EndGlobalSection
EndGlobal
